<?xml version="1.0" encoding="UTF-8" standalone="yes" ?>
<CodeBlocks_project_file>
	<FileVersion major="1" minor="6" />
	<Project>
		<Option title="Nexus" />
		<Option pch_mode="2" />
		<Option compiler="gcc" />
		<Build>
			<Target title="debug-i386">
				<Option output="../../../lib/$(TARGET_NAME)/libNexus" prefix_auto="1" extension_auto="1" />
				<Option working_dir="" />
				<Option object_output="obj/$(TARGET_NAME)/" />
				<Option type="2" />
				<Option compiler="gcc" />
				<Option createDefFile="1" />
				<Compiler>
					<Add option="-Wall" />
					<Add option="-g" />
				</Compiler>
			</Target>
			<Target title="release-i386">
				<Option output="../../../lib/$(TARGET_NAME)/libNexus" prefix_auto="1" extension_auto="1" />
				<Option working_dir="" />
				<Option object_output="obj/$(TARGET_NAME)/" />
				<Option type="2" />
				<Option compiler="gcc" />
				<Option createDefFile="1" />
				<Compiler>
					<Add option="-Wall" />
					<Add option="-O2" />
				</Compiler>
				<Linker>
					<Add option="-s" />
				</Linker>
			</Target>
			<Target title="debug-atom">
				<Option output="../../../lib/$(TARGET_NAME)/libNexus" prefix_auto="1" extension_auto="1" />
				<Option working_dir="" />
				<Option object_output="obj/$(TARGET_NAME)/" />
				<Option type="2" />
				<Option compiler="gcc" />
				<Option createDefFile="1" />
				<Compiler>
					<Add option="-Wall" />
					<Add option="-g" />
					<Add option="-march=atom" />
				</Compiler>
				<Linker>
					<Add option="-march=atom" />
				</Linker>
			</Target>
			<Target title="release-atom">
				<Option output="../../../lib/$(TARGET_NAME)/libNexus" prefix_auto="1" extension_auto="1" />
				<Option working_dir="" />
				<Option object_output="obj/$(TARGET_NAME)/" />
				<Option type="2" />
				<Option compiler="gcc" />
				<Option createDefFile="1" />
				<Compiler>
					<Add option="-O2" />
					<Add option="-Wall" />
					<Add option="-march=atom" />
				</Compiler>
				<Linker>
					<Add option="-s" />
					<Add option="-march=atom" />
				</Linker>
			</Target>
			<Target title="debug-armel">
				<Option output="../../../lib/$(TARGET_NAME)/libNexus" prefix_auto="1" extension_auto="1" />
				<Option working_dir="" />
				<Option object_output="obj/$(TARGET_NAME)/" />
				<Option type="2" />
				<Option compiler="gcc" />
				<Option createDefFile="1" />
				<Compiler>
					<Add option="-Wall" />
					<Add option="-g" />
				</Compiler>
			</Target>
			<Target title="release-armel">
				<Option output="../../../lib/$(TARGET_NAME)/libNexus" prefix_auto="1" extension_auto="1" />
				<Option working_dir="" />
				<Option object_output="obj/$(TARGET_NAME)/" />
				<Option type="2" />
				<Option compiler="gcc" />
				<Option createDefFile="1" />
				<Compiler>
					<Add option="-O2" />
					<Add option="-Wall" />
				</Compiler>
				<Linker>
					<Add option="-s" />
				</Linker>
			</Target>
		</Build>
		<Compiler>
			<Add option="-Wall" />
			<Add option="-std=c++11" />
			<Add directory="../../../../Nexus" />
		</Compiler>
		<Unit filename="../../../Comm/Base/CData.cpp" />
		<Unit filename="../../../Comm/Base/CData.h" />
		<Unit filename="../../../Comm/Base/CDebug.cpp" />
		<Unit filename="../../../Comm/Base/CDebug.h" />
		<Unit filename="../../../Comm/Base/CommErrors.h" />
		<Unit filename="../../../Comm/Base/ICommBase.h" />
		<Unit filename="../../../Comm/Base/IMetaData.h" />
		<Unit filename="../../../Comm/Physical/CClientSocket.cpp" />
		<Unit filename="../../../Comm/Physical/CClientSocket.h" />
		<Unit filename="../../../Comm/Physical/CConsoleComm.cpp" />
		<Unit filename="../../../Comm/Physical/CConsoleComm.h" />
		<Unit filename="../../../Comm/Physical/CFileComm.cpp" />
		<Unit filename="../../../Comm/Physical/CFileComm.h" />
		<Unit filename="../../../Comm/Physical/CLoggerComm.cpp" />
		<Unit filename="../../../Comm/Physical/CLoggerComm.h" />
		<Unit filename="../../../Comm/Physical/CLoopbackComm.cpp" />
		<Unit filename="../../../Comm/Physical/CLoopbackComm.h" />
		<Unit filename="../../../Comm/Physical/CUart.cpp" />
		<Unit filename="../../../Comm/Physical/CUart.h" />
		<Unit filename="../../../Comm/Protocols/CAsyncReceiver.cpp" />
		<Unit filename="../../../Comm/Protocols/CAsyncReceiver.h" />
		<Unit filename="../../../Comm/Protocols/CAsyncSender.h" />
		<Unit filename="../../../Comm/Protocols/CAutoConnect.cpp" />
		<Unit filename="../../../Comm/Protocols/CAutoConnect.h" />
		<Unit filename="../../../Comm/Protocols/CallbackValues.h" />
		<Unit filename="../../../Comm/Protocols/ICommLayer.cpp" />
		<Unit filename="../../../Comm/Protocols/ICommLayer.h" />
		<Unit filename="../../../Comm/Protocols/TComm.cpp" />
		<Unit filename="../../../Comm/Protocols/TComm.h" />
		<Unit filename="../../../General/General.h" />
		<Unit filename="../../../General/Macros.h" />
		<Unit filename="../../../General/Types.h" />
		<Unit filename="../../../General/Utils.cpp" />
		<Unit filename="../../../General/Utils.h" />
		<Extensions>
			<code_completion />
			<debugger />
		</Extensions>
	</Project>
</CodeBlocks_project_file>
