
Microsoft Visual Studio Solution File, Format Version 12.00
# Visual Studio 15
VisualStudioVersion = 15.0.27703.2026
MinimumVisualStudioVersion = 10.0.40219.1
Project("{8BC9CEB8-8B4A-11D0-8D11-00A0C91BC942}") = "MSVC-2017", "MSVC-2017.vcxproj", "{221A252D-E792-4920-A2B1-BFA6FA9A7769}"
EndProject
Project("{8BC9CEB8-8B4A-11D0-8D11-00A0C91BC942}") = "auto-reader", "..\..\unit-testers\auto-reader\MSVC\auto-reader.vcxproj", "{1B036375-7757-43C3-B380-BDF660F610C1}"
EndProject
Project("{8BC9CEB8-8B4A-11D0-8D11-00A0C91BC942}") = "pipe", "..\..\unit-testers\pipe\MSVC\pipe.vcxproj", "{7D51777F-5209-4846-8C2F-95DD9BCF2AF1}"
	ProjectSection(ProjectDependencies) = postProject
		{221A252D-E792-4920-A2B1-BFA6FA9A7769} = {221A252D-E792-4920-A2B1-BFA6FA9A7769}
	EndProjectSection
EndProject
Project("{8BC9CEB8-8B4A-11D0-8D11-00A0C91BC942}") = "send-receive", "..\..\unit-testers\send-receive\MSVC\send-receive.vcxproj", "{F0131E3C-077C-4EC4-BEAF-C0F4679FEA5C}"
	ProjectSection(ProjectDependencies) = postProject
		{221A252D-E792-4920-A2B1-BFA6FA9A7769} = {221A252D-E792-4920-A2B1-BFA6FA9A7769}
	EndProjectSection
EndProject
Global
	GlobalSection(SolutionConfigurationPlatforms) = preSolution
		Debug|x64 = Debug|x64
		Debug|x86 = Debug|x86
		Release|x64 = Release|x64
		Release|x86 = Release|x86
	EndGlobalSection
	GlobalSection(ProjectConfigurationPlatforms) = postSolution
		{221A252D-E792-4920-A2B1-BFA6FA9A7769}.Debug|x64.ActiveCfg = Debug|x64
		{221A252D-E792-4920-A2B1-BFA6FA9A7769}.Debug|x64.Build.0 = Debug|x64
		{221A252D-E792-4920-A2B1-BFA6FA9A7769}.Debug|x86.ActiveCfg = Debug|Win32
		{221A252D-E792-4920-A2B1-BFA6FA9A7769}.Debug|x86.Build.0 = Debug|Win32
		{221A252D-E792-4920-A2B1-BFA6FA9A7769}.Release|x64.ActiveCfg = Release|x64
		{221A252D-E792-4920-A2B1-BFA6FA9A7769}.Release|x64.Build.0 = Release|x64
		{221A252D-E792-4920-A2B1-BFA6FA9A7769}.Release|x86.ActiveCfg = Release|Win32
		{221A252D-E792-4920-A2B1-BFA6FA9A7769}.Release|x86.Build.0 = Release|Win32
		{1B036375-7757-43C3-B380-BDF660F610C1}.Debug|x64.ActiveCfg = Debug|Win32
		{1B036375-7757-43C3-B380-BDF660F610C1}.Debug|x86.ActiveCfg = Debug|Win32
		{1B036375-7757-43C3-B380-BDF660F610C1}.Debug|x86.Build.0 = Debug|Win32
		{1B036375-7757-43C3-B380-BDF660F610C1}.Release|x64.ActiveCfg = Release|Win32
		{1B036375-7757-43C3-B380-BDF660F610C1}.Release|x86.ActiveCfg = Release|Win32
		{1B036375-7757-43C3-B380-BDF660F610C1}.Release|x86.Build.0 = Release|Win32
		{7D51777F-5209-4846-8C2F-95DD9BCF2AF1}.Debug|x64.ActiveCfg = Debug|Win32
		{7D51777F-5209-4846-8C2F-95DD9BCF2AF1}.Debug|x86.ActiveCfg = Debug|Win32
		{7D51777F-5209-4846-8C2F-95DD9BCF2AF1}.Debug|x86.Build.0 = Debug|Win32
		{7D51777F-5209-4846-8C2F-95DD9BCF2AF1}.Release|x64.ActiveCfg = Release|Win32
		{7D51777F-5209-4846-8C2F-95DD9BCF2AF1}.Release|x86.ActiveCfg = Release|Win32
		{7D51777F-5209-4846-8C2F-95DD9BCF2AF1}.Release|x86.Build.0 = Release|Win32
		{F0131E3C-077C-4EC4-BEAF-C0F4679FEA5C}.Debug|x64.ActiveCfg = Debug|Win32
		{F0131E3C-077C-4EC4-BEAF-C0F4679FEA5C}.Debug|x86.ActiveCfg = Debug|Win32
		{F0131E3C-077C-4EC4-BEAF-C0F4679FEA5C}.Debug|x86.Build.0 = Debug|Win32
		{F0131E3C-077C-4EC4-BEAF-C0F4679FEA5C}.Release|x64.ActiveCfg = Release|Win32
		{F0131E3C-077C-4EC4-BEAF-C0F4679FEA5C}.Release|x86.ActiveCfg = Release|Win32
		{F0131E3C-077C-4EC4-BEAF-C0F4679FEA5C}.Release|x86.Build.0 = Release|Win32
	EndGlobalSection
	GlobalSection(SolutionProperties) = preSolution
		HideSolutionNode = FALSE
	EndGlobalSection
	GlobalSection(ExtensibilityGlobals) = postSolution
		SolutionGuid = {F30E057C-1414-4AA3-A10B-0DDF7A2A7F40}
	EndGlobalSection
EndGlobal
