
Microsoft Visual Studio Solution File, Format Version 12.00
# Visual Studio 2012
Project("{8BC9CEB8-8B4A-11D0-8D11-00A0C91BC942}") = "auto-reader", "..\..\unit-testers\auto-reader\MSVC\auto-reader.vcxproj", "{1B036375-7757-43C3-B380-BDF660F610C1}"
EndProject
Project("{8BC9CEB8-8B4A-11D0-8D11-00A0C91BC942}") = "MSVC 2012", "MSVC 2012.vcxproj", "{06CCCBAD-3C86-40E5-827A-68D6B2ABE6EA}"
EndProject
Project("{8BC9CEB8-8B4A-11D0-8D11-00A0C91BC942}") = "send-receive", "..\..\unit-testers\send-receive\MSVC\send-receive.vcxproj", "{F0131E3C-077C-4EC4-BEAF-C0F4679FEA5C}"
EndProject
Global
	GlobalSection(SolutionConfigurationPlatforms) = preSolution
		Debug|Win32 = Debug|Win32
		Release|Win32 = Release|Win32
	EndGlobalSection
	GlobalSection(ProjectConfigurationPlatforms) = postSolution
		{1B036375-7757-43C3-B380-BDF660F610C1}.Debug|Win32.ActiveCfg = Debug|Win32
		{1B036375-7757-43C3-B380-BDF660F610C1}.Debug|Win32.Build.0 = Debug|Win32
		{1B036375-7757-43C3-B380-BDF660F610C1}.Release|Win32.ActiveCfg = Release|Win32
		{1B036375-7757-43C3-B380-BDF660F610C1}.Release|Win32.Build.0 = Release|Win32
		{06CCCBAD-3C86-40E5-827A-68D6B2ABE6EA}.Debug|Win32.ActiveCfg = Debug|Win32
		{06CCCBAD-3C86-40E5-827A-68D6B2ABE6EA}.Debug|Win32.Build.0 = Debug|Win32
		{06CCCBAD-3C86-40E5-827A-68D6B2ABE6EA}.Release|Win32.ActiveCfg = Release|Win32
		{06CCCBAD-3C86-40E5-827A-68D6B2ABE6EA}.Release|Win32.Build.0 = Release|Win32
		{F0131E3C-077C-4EC4-BEAF-C0F4679FEA5C}.Debug|Win32.ActiveCfg = Debug|Win32
		{F0131E3C-077C-4EC4-BEAF-C0F4679FEA5C}.Debug|Win32.Build.0 = Debug|Win32
		{F0131E3C-077C-4EC4-BEAF-C0F4679FEA5C}.Release|Win32.ActiveCfg = Release|Win32
		{F0131E3C-077C-4EC4-BEAF-C0F4679FEA5C}.Release|Win32.Build.0 = Release|Win32
	EndGlobalSection
	GlobalSection(SolutionProperties) = preSolution
		HideSolutionNode = FALSE
	EndGlobalSection
EndGlobal
